github.com/wilriker/librfm v0.0.0-20190611144342-24a5a33609cc h1:Nv6cwa+q76p9AmRSpyPLJWAyVHfBJI9KqtM8Fk+fmCQ=
github.com/wilriker/librfm v0.0.0-20190611144342-24a5a33609cc/go.mod h1:Gfm/qINcC5vIexqk/HRCMpEDTrXe1AaEB3Gje9TR/pM=
github.com/wilriker/librfm v0.0.0-20190612125907-93de8843123e h1:Mwp5Mij/yC/0JAYHL7AwfR6Bnxnb4P99Wsqtsgx7fik=
github.com/wilriker/librfm v0.0.0-20190612125907-93de8843123e/go.mod h1:Gfm/qINcC5vIexqk/HRCMpEDTrXe1AaEB3Gje9TR/pM=
