github.com/BurntSushi/toml v0.3.1 h1:WXkYYl6Yr3qBf1K79EBnL4mak0OimBfB0XUf9Vl28OQ=
github.com/BurntSushi/toml v0.3.1/go.mod h1:xHWCNGjB5oqiDr8zfno3MHue2Ht5sIBksp03qcyfWMU=
github.com/davecgh/go-spew v1.1.1 h1:vj9j/u1bqnvCEfJOwUhtlOARqs3+rkHYY13jYWTU97c=
github.com/davecgh/go-spew v1.1.1/go.mod h1:J7Y8YcW2NihsgmVo/mv3lAwl/skON4iLHjSsI+c5H38=
github.com/kr/pretty v0.1.0 h1:L/CwN0zerZDmRFUapSPitk6f+Q3+0za1rQkzVuMiMFI=
github.com/kr/pretty v0.1.0/go.mod h1:dAy3ld7l9f0ibDNOQOHHMYYIIbhfbHSm3C4ZsoJORNo=
github.com/kr/pty v1.1.1/go.mod h1:pFQYn66WHrOpPYNljwOMqo10TkYh1fy3cYio2l3bCsQ=
github.com/kr/text v0.1.0 h1:45sCR5RtlFHMR4UwH9sdQ5TC8v0qDQCHnXt+kaKSTVE=
github.com/kr/text v0.1.0/go.mod h1:4Jbv+DJW3UT/LiOwJeYQe1efqtUx/iVham/4vfdArNI=
github.com/mitchellh/go-homedir v1.1.0 h1:lukF9ziXFxDFPkA1vsr5zpc1XuPDn/wFntq5mG+4E0Y=
github.com/mitchellh/go-homedir v1.1.0/go.mod h1:SfyaCUpYCn1Vlf4IUYiD9fPX4A5wJrkLzIz1N1q0pr0=
github.com/pelletier/go-toml v1.4.0 h1:u3Z1r+oOXJIkxqw34zVhyPgjBsm6X2wn21NWs/HfSeg=
github.com/pelletier/go-toml v1.4.0/go.mod h1:PN7xzY2wHTK0K9p34ErDQMlFxa51Fk0OUruD3k1mMwo=
github.com/wilriker/librfm v1.0.0 h1:3YcG6iL1dJNLcD/rNXeF1DPkBfeB2TgTlt7fiNQ/d2U=
github.com/wilriker/librfm v1.0.0/go.mod h1:Gfm/qINcC5vIexqk/HRCMpEDTrXe1AaEB3Gje9TR/pM=
github.com/wilriker/librfm v1.0.1-0.20191016114846-6e08e621e9cd h1:2bL5xs73hDpzpxZl0fTkEIii1IsG5Rr5+rN9dFmOyY0=
github.com/wilriker/librfm v1.0.1-0.20191016114846-6e08e621e9cd/go.mod h1:Gfm/qINcC5vIexqk/HRCMpEDTrXe1AaEB3Gje9TR/pM=
github.com/wilriker/librfm v1.0.1-0.20191016122526-e2c5e7656a9a h1:GLZNPfzU4GmHjIp25SMFVnTvDDOMca4J1CH6wpNay1c=
github.com/wilriker/librfm v1.0.1-0.20191016122526-e2c5e7656a9a/go.mod h1:Gfm/qINcC5vIexqk/HRCMpEDTrXe1AaEB3Gje9TR/pM=
github.com/wilriker/librfm v1.0.1 h1:HcskaDsX2vf0PMWKdSkFjAZR6UDS+7uzqFSbiKpgrgs=
github.com/wilriker/librfm v1.0.1/go.mod h1:Gfm/qINcC5vIexqk/HRCMpEDTrXe1AaEB3Gje9TR/pM=
gopkg.in/check.v1 v0.0.0-20161208181325-20d25e280405/go.mod h1:Co6ibVJAznAaIkqp8huTwlJQCZ016jof/cbN4VW5Yz0=
gopkg.in/check.v1 v1.0.0-20180628173108-788fd7840127 h1:qIbj1fsPNlZgppZ+VLlY7N33q108Sa+fhmuc+sWQYwY=
gopkg.in/check.v1 v1.0.0-20180628173108-788fd7840127/go.mod h1:Co6ibVJAznAaIkqp8huTwlJQCZ016jof/cbN4VW5Yz0=
gopkg.in/yaml.v2 v2.2.2 h1:ZCJp+EgiOT7lHqUV2J862kp8Qj64Jo6az82+3Td9dZw=
gopkg.in/yaml.v2 v2.2.2/go.mod h1:hI93XBmqTisBFMUTm0b8Fm+jr3Dg1NNxqwp+5A1VGuI=
